# This file is automatically @generated by Cargo.
# It is not intended for manual editing.
version = 4

[[package]]
name = "lc-0000-largest-lcm"
version = "0.1.0"

[[package]]
name = "lc-0001-two-sum"
version = "0.1.0"

[[package]]
name = "lc-0002-add-two-numbers"
version = "0.1.0"

[[package]]
name = "lc-0003-longest-substring-without-repeating-characters"
version = "0.1.0"

[[package]]
name = "lc-0004-median-of-two-sorted-arrays"
version = "0.1.0"

[[package]]
name = "lc-0005-longest-palindromic-substring"
version = "0.1.0"

[[package]]
name = "lc-0007-reverse-integer"
version = "0.1.0"

[[package]]
name = "lc-0008-string-to-integer-atoi"
version = "0.1.0"

[[package]]
name = "lc-0011-container-with-most-water"
version = "0.1.0"

[[package]]
name = "lc-0012-integer-to-roman"
version = "0.1.0"

[[package]]
name = "lc-0013-roman-to-integer"
version = "0.1.0"

[[package]]
name = "lc-0014-longest-common-prefix"
version = "0.1.0"

[[package]]
name = "lc-0015-3sum"
version = "0.1.0"

[[package]]
name = "lc-0016-3sum-closest"
version = "0.1.0"

[[package]]
name = "lc-0017-letter-combinations-of-a-phone-number"
version = "0.1.0"

[[package]]
name = "lc-0018-4sum"
version = "0.1.0"

[[package]]
name = "lc-0019-remove-nth-node-from-end-of-list"
version = "0.1.0"

[[package]]
name = "lc-0020-valid-parentheses"
version = "0.1.0"

[[package]]
name = "lc-0021-merge-two-sorted-lists"
version = "0.1.0"

[[package]]
name = "lc-0022-generate-parentheses"
version = "0.1.0"

[[package]]
name = "lc-0026-remove-duplicates-from-sorted-array"
version = "0.1.0"

[[package]]
name = "lc-0027-remove-element"
version = "0.1.0"

[[package]]
name = "lc-0031-next-permutation"
version = "0.1.0"

[[package]]
name = "lc-0034-find-first-and-last-position-of-element-in-sorted-array"
version = "0.1.0"

[[package]]
name = "lc-0035-search-insert-position"
version = "0.1.0"

[[package]]
name = "lc-0036-valid-sudoku"
version = "0.1.0"

[[package]]
name = "lc-0039-combination-sum"
version = "0.1.0"

[[package]]
name = "lc-0040-combination-sum-ii"
version = "0.1.0"

[[package]]
name = "lc-0041-first-missing-positive"
version = "0.1.0"

[[package]]
name = "lc-0042-trapping-rain-water"
version = "0.1.0"

[[package]]
name = "lc-0045-jump-game-ii"
version = "0.1.0"

[[package]]
name = "lc-0046-permutations"
version = "0.1.0"

[[package]]
name = "lc-0047-permutations-ii"
version = "0.1.0"

[[package]]
name = "lc-0049-group-anagrams"
version = "0.1.0"

[[package]]
name = "lc-0050-powx-n"
version = "0.1.0"

[[package]]
name = "lc-0051-n-queens"
version = "0.1.0"

[[package]]
name = "lc-0053-maximum-subarray"
version = "0.1.0"

[[package]]
name = "lc-0055-jump-game"
version = "0.1.0"

[[package]]
name = "lc-0056-merge-intervals"
version = "0.1.0"

[[package]]
name = "lc-0061-rotate-list"
version = "0.1.0"

[[package]]
name = "lc-0062-unique-paths"
version = "0.1.0"

[[package]]
name = "lc-0066-plus-one"
version = "0.1.0"

[[package]]
name = "lc-0067-add-binary"
version = "0.1.0"

[[package]]
name = "lc-0069-sqrtx"
version = "0.1.0"

[[package]]
name = "lc-0070-climbing-stairs"
version = "0.1.0"

[[package]]
name = "lc-0071-simplify-path"
version = "0.1.0"

[[package]]
name = "lc-0074-search-a-2d-matrix"
version = "0.1.0"

[[package]]
name = "lc-0075-sort-colors"
version = "0.1.0"

[[package]]
name = "lc-0077-combinations"
version = "0.1.0"

[[package]]
name = "lc-0078-subsets"
version = "0.1.0"

[[package]]
name = "lc-0079-word-search"
version = "0.1.0"

[[package]]
name = "lc-0080-remove-duplicates-from-sorted-array-ii"
version = "0.1.0"

[[package]]
name = "lc-0082-remove-duplicates-from-sorted-list-ii"
version = "0.1.0"

[[package]]
name = "lc-0083-remove-duplicates-from-sorted-list"
version = "0.1.0"

[[package]]
name = "lc-0086-partition-list"
version = "0.1.0"

[[package]]
name = "lc-0088-merge-sorted-array"
version = "0.1.0"

[[package]]
name = "lc-0090-subsets-ii"
version = "0.1.0"

[[package]]
name = "lc-0092-reverse-linked-list-ii"
version = "0.1.0"

[[package]]
name = "lc-0093-restore-ip-addresses"
version = "0.1.0"

[[package]]
name = "lc-0094-binary-tree-inorder-traversal"
version = "0.1.0"

[[package]]
name = "lc-0098-validate-binary-search-tree"
version = "0.1.0"

[[package]]
name = "lc-01-06-compress-string-lcci"
version = "0.1.0"

[[package]]
name = "lc-0100-same-tree"
version = "0.1.0"

[[package]]
name = "lc-0101-symmetric-tree"
version = "0.1.0"

[[package]]
name = "lc-0102-binary-tree-level-order-traversal"
version = "0.1.0"

[[package]]
name = "lc-0103-binary-tree-zigzag-level-order-traversal"
version = "0.1.0"

[[package]]
name = "lc-0104-maximum-depth-of-binary-tree"
version = "0.1.0"

[[package]]
name = "lc-0105-construct-binary-tree-from-preorder-and-inorder-traversal"
version = "0.1.0"

[[package]]
name = "lc-0106-construct-binary-tree-from-inorder-and-postorder-traversal"
version = "0.1.0"

[[package]]
name = "lc-0107-binary-tree-level-order-traversal-ii"
version = "0.1.0"

[[package]]
name = "lc-0111-minimum-depth-of-binary-tree"
version = "0.1.0"

[[package]]
name = "lc-0112-path-sum"
version = "0.1.0"

[[package]]
name = "lc-0114-flatten-binary-tree-to-linked-list"
version = "0.1.0"

[[package]]
name = "lc-0125-valid-palindrome"
version = "0.1.0"

[[package]]
name = "lc-0128-longest-consecutive-sequence"
version = "0.1.0"

[[package]]
name = "lc-0136-single-number"
version = "0.1.0"

[[package]]
name = "lc-0137-single-number-ii"
version = "0.1.0"

[[package]]
name = "lc-0141-linked-list-cycle"
version = "0.1.0"

[[package]]
name = "lc-0142-linked-list-cycle-ii"
version = "0.1.0"

[[package]]
name = "lc-0143-reorder-list"
version = "0.1.0"

[[package]]
name = "lc-0144-binary-tree-preorder-traversal"
version = "0.1.0"

[[package]]
name = "lc-0145-binary-tree-postorder-traversal"
version = "0.1.0"

[[package]]
name = "lc-0146-lru-cache"
version = "0.1.0"

[[package]]
name = "lc-0149-max-points-on-a-line"
version = "0.1.0"

[[package]]
name = "lc-0150-evaluate-reverse-polish-notation"
version = "0.1.0"

[[package]]
name = "lc-0151-reverse-words-in-a-string"
version = "0.1.0"

[[package]]
name = "lc-0153-find-minimum-in-rotated-sorted-array"
version = "0.1.0"

[[package]]
name = "lc-0154-find-minimum-in-rotated-sorted-array-ii"
version = "0.1.0"

[[package]]
name = "lc-0155-min-stack"
version = "0.1.0"

[[package]]
name = "lc-0157-lcr-zi-fu-chuan-de-pai-lie-lcof"
version = "0.1.0"

[[package]]
name = "lc-0160-intersection-of-two-linked-lists"
version = "0.1.0"

[[package]]
name = "lc-0162-find-peak-element"
version = "0.1.0"

[[package]]
name = "lc-0164-maximum-gap"
version = "0.1.0"

[[package]]
name = "lc-0167-two-sum-ii-input-array-is-sorted"
version = "0.1.0"

[[package]]
name = "lc-0169-majority-element"
version = "0.1.0"

[[package]]
name = "lc-0179-largest-number"
version = "0.1.0"

[[package]]
name = "lc-0189-rotate-array"
version = "0.1.0"

[[package]]
name = "lc-0191-number-of-1-bits"
version = "0.1.0"

[[package]]
name = "lc-0192-word-frequency"
version = "0.1.0"

[[package]]
name = "lc-0193-valid-phone-numbers"
version = "0.1.0"

[[package]]
name = "lc-0194-transpose-file"
version = "0.1.0"

[[package]]
name = "lc-0195-tenth-line"
version = "0.1.0"

[[package]]
name = "lc-0202-happy-number"
version = "0.1.0"

[[package]]
name = "lc-0203-remove-linked-list-elements"
version = "0.1.0"

[[package]]
name = "lc-0204-count-primes"
version = "0.1.0"

[[package]]
name = "lc-0205-isomorphic-strings"
version = "0.1.0"

[[package]]
name = "lc-0206-reverse-linked-list"
version = "0.1.0"

[[package]]
name = "lc-0215-kth-largest-element-in-an-array"
version = "0.1.0"

[[package]]
name = "lc-0216-combination-sum-iii"
version = "0.1.0"

[[package]]
name = "lc-0217-contains-duplicate"
version = "0.1.0"

[[package]]
name = "lc-0219-contains-duplicate-ii"
version = "0.1.0"

[[package]]
name = "lc-0220-contains-duplicate-iii"
version = "0.1.0"

[[package]]
name = "lc-0225-implement-stack-using-queues"
version = "0.1.0"

[[package]]
name = "lc-0226-invert-binary-tree"
version = "0.1.0"

[[package]]
name = "lc-0227-basic-calculator-ii"
version = "0.1.0"

[[package]]
name = "lc-0229-majority-element-ii"
version = "0.1.0"

[[package]]
name = "lc-0230-kth-smallest-element-in-a-bst"
version = "0.1.0"

[[package]]
name = "lc-0231-power-of-two"
version = "0.1.0"

[[package]]
name = "lc-0232-implement-queue-using-stacks"
version = "0.1.0"

[[package]]
name = "lc-0234-palindrome-linked-list"
version = "0.1.0"

[[package]]
name = "lc-0237-delete-node-in-a-linked-list"
version = "0.1.0"

[[package]]
name = "lc-0238-product-of-array-except-self"
version = "0.1.0"

[[package]]
name = "lc-0239-sliding-window-maximum"
version = "0.1.0"

[[package]]
name = "lc-0240-search-a-2d-matrix-ii"
version = "0.1.0"

[[package]]
name = "lc-0242-valid-anagram"
version = "0.1.0"

[[package]]
name = "lc-0260-single-number-iii"
version = "0.1.0"

[[package]]
name = "lc-0263-ugly-number"
version = "0.1.0"

[[package]]
name = "lc-0264-ugly-number-ii"
version = "0.1.0"

[[package]]
name = "lc-0268-missing-number"
version = "0.1.0"

[[package]]
name = "lc-0278-first-bad-version"
version = "0.1.0"

[[package]]
name = "lc-0283-move-zeroes"
version = "0.1.0"

[[package]]
name = "lc-0287-find-the-duplicate-number"
version = "0.1.0"

[[package]]
name = "lc-0303-range-sum-query-immutable"
version = "0.1.0"

[[package]]
name = "lc-0313-super-ugly-number"
version = "0.1.0"

[[package]]
name = "lc-0322-coin-change"
version = "0.1.0"

[[package]]
name = "lc-0326-power-of-three"
version = "0.1.0"

[[package]]
name = "lc-0338-counting-bits"
version = "0.1.0"

[[package]]
name = "lc-0342-power-of-four"
version = "0.1.0"

[[package]]
name = "lc-0344-reverse-string"
version = "0.1.0"

[[package]]
name = "lc-0347-top-k-frequent-elements"
version = "0.1.0"

[[package]]
name = "lc-0349-intersection-of-two-arrays"
version = "0.1.0"

[[package]]
name = "lc-0350-intersection-of-two-arrays-ii"
version = "0.1.0"

[[package]]
name = "lc-0367-valid-perfect-square"
version = "0.1.0"

[[package]]
name = "lc-0374-guess-number-higher-or-lower"
version = "0.1.0"

[[package]]
name = "lc-0377-combination-sum-iv"
version = "0.1.0"

[[package]]
name = "lc-0383-ransom-note"
version = "0.1.0"

[[package]]
name = "lc-0387-first-unique-character-in-a-string"
version = "0.1.0"

[[package]]
name = "lc-0389-find-the-difference"
version = "0.1.0"

[[package]]
name = "lc-0394-decode-string"
version = "0.1.0"

[[package]]
name = "lc-0414-third-maximum-number"
version = "0.1.0"

[[package]]
name = "lc-0415-add-strings"
version = "0.1.0"

[[package]]
name = "lc-0435-non-overlapping-intervals"
version = "0.1.0"

[[package]]
name = "lc-0442-find-all-duplicates-in-an-array"
version = "0.1.0"

[[package]]
name = "lc-0445-add-two-numbers-ii"
version = "0.1.0"

[[package]]
name = "lc-0447-number-of-boomerangs"
version = "0.1.0"

[[package]]
name = "lc-0451-sort-characters-by-frequency"
version = "0.1.0"

[[package]]
name = "lc-0454-4sum-ii"
version = "0.1.0"

[[package]]
name = "lc-0455-assign-cookies"
version = "0.1.0"

[[package]]
name = "lc-0463-island-perimeter"
version = "0.1.0"

[[package]]
name = "lc-0468-validate-ip-address"
version = "0.1.0"

[[package]]
name = "lc-0485-max-consecutive-ones"
version = "0.1.0"

[[package]]
name = "lc-0496-next-greater-element-i"
version = "0.1.0"

[[package]]
name = "lc-0532-k-diff-pairs-in-an-array"
version = "0.1.0"

[[package]]
name = "lc-0541-reverse-string-ii"
version = "0.1.0"

[[package]]
name = "lc-0557-reverse-words-in-a-string-iii"
version = "0.1.0"

[[package]]
name = "lc-0561-array-partition"
version = "0.1.0"

[[package]]
name = "lc-0567-permutation-in-string"
version = "0.1.0"

[[package]]
name = "lc-0572-subtree-of-another-tree"
version = "0.1.0"

[[package]]
name = "lc-0599-minimum-index-sum-of-two-lists"
version = "0.1.0"

[[package]]
name = "lc-0605-can-place-flowers"
version = "0.1.0"

[[package]]
name = "lc-0609-find-duplicate-file-in-system"
version = "0.1.0"

[[package]]
name = "lc-0622-design-circular-queue"
version = "0.1.0"

[[package]]
name = "lc-0628-maximum-product-of-three-numbers"
version = "0.1.0"

[[package]]
name = "lc-0647-palindromic-substrings"
version = "0.1.0"

[[package]]
name = "lc-0665-non-decreasing-array"
version = "0.1.0"

[[package]]
name = "lc-0670-maximum-swap"
version = "0.1.0"

[[package]]
name = "lc-0679-24-game"
version = "0.1.0"

[[package]]
name = "lc-0680-valid-palindrome-ii"
version = "0.1.0"

[[package]]
name = "lc-0703-kth-largest-element-in-a-stream"
version = "0.1.0"

[[package]]
name = "lc-0705-design-hashset"
version = "0.1.0"

[[package]]
name = "lc-0706-design-hashmap"
version = "0.1.0"

[[package]]
name = "lc-0707-design-linked-list"
version = "0.1.0"

[[package]]
name = "lc-0724-find-pivot-index"
version = "0.1.0"

[[package]]
name = "lc-0738-monotone-increasing-digits"
version = "0.1.0"

[[package]]
name = "lc-0739-daily-temperatures"
version = "0.1.0"

[[package]]
name = "lc-0744-find-smallest-letter-greater-than-target"
version = "0.1.0"

[[package]]
name = "lc-0784-letter-case-permutation"
version = "0.1.0"

[[package]]
name = "lc-0811-subdomain-visit-count"
version = "0.1.0"

[[package]]
name = "lc-0846-hand-of-straights"
version = "0.1.0"

[[package]]
name = "lc-0852-peak-index-in-a-mountain-array"
version = "0.1.0"

[[package]]
name = "lc-0876-middle-of-the-linked-list"
version = "0.1.0"

[[package]]
name = "lc-0912-sort-an-array"
version = "0.1.0"

[[package]]
name = "lc-0925-long-pressed-name"
version = "0.1.0"

[[package]]
name = "lc-0933-number-of-recent-calls"
version = "0.1.0"

[[package]]
name = "lc-0946-validate-stack-sequences"
version = "0.1.0"

[[package]]
name = "lc-0973-k-closest-points-to-origin"
version = "0.1.0"

[[package]]
name = "lc-0977-squares-of-a-sorted-array"
version = "0.1.0"

[[package]]
name = "lc-1004-max-consecutive-ones-iii"
version = "0.1.0"

[[package]]
name = "lc-1047-remove-all-adjacent-duplicates-in-string"
version = "0.1.0"

[[package]]
name = "lc-1114-print-in-order"
version = "0.1.0"

[[package]]
name = "lc-1115-print-foobar-alternately"
version = "0.1.0"

[[package]]
name = "lc-1116-print-zero-even-odd"
version = "0.1.0"

[[package]]
name = "lc-1117-building-h2o"
version = "0.1.0"

[[package]]
name = "lc-1195-fizz-buzz-multithreaded"
version = "0.1.0"

[[package]]
name = "lc-1201-ugly-number-iii"
version = "0.1.0"

[[package]]
name = "lc-1296-divide-array-in-sets-of-k-consecutive-numbers"
version = "0.1.0"

[[package]]
name = "lc-1422-maximum-score-after-splitting-a-string"
version = "0.1.0"

[[package]]
name = "lc-1446-consecutive-characters"
version = "0.1.0"

[[package]]
name = "lc-1480-running-sum-of-1d-array"
version = "0.1.0"

[[package]]
name = "lc-1498-number-of-subsequences-that-satisfy-the-given-sum-condition"
version = "0.1.0"

[[package]]
name = "lc-1518-water-bottles"
version = "0.1.0"

[[package]]
name = "lc-1534-count-good-triplets"
version = "0.1.0"

[[package]]
name = "lc-1566-detect-pattern-of-length-m-repeated-k-or-more-times"
version = "0.1.0"

[[package]]
name = "lc-1588-sum-of-all-odd-length-subarrays"
version = "0.1.0"

[[package]]
name = "lc-1700-number-of-students-unable-to-eat-lunch"
version = "0.1.0"

[[package]]
name = "lc-1732-find-the-highest-altitude"
version = "0.1.0"

[[package]]
name = "lc-1780-check-if-number-is-a-sum-of-powers-of-three"
version = "0.1.0"

[[package]]
name = "lc-1854-maximum-population-year"
version = "0.1.0"

[[package]]
name = "lc-1893-check-if-all-the-integers-in-a-range-are-covered"
version = "0.1.0"

[[package]]
name = "lc-1925-count-square-sum-triples"
version = "0.1.0"

[[package]]
name = "lc-1941-check-if-all-characters-have-equal-number-of-occurrences"
version = "0.1.0"

[[package]]
name = "lc-1952-three-divisors"
version = "0.1.0"

[[package]]
name = "lc-1979-find-greatest-common-divisor-of-array"
version = "0.1.0"

[[package]]
name = "lc-1985-find-the-kth-largest-integer-in-the-array"
version = "0.1.0"

[[package]]
name = "lc-1995-count-special-quadruplets"
version = "0.1.0"

[[package]]
name = "lc-1997-find-the-middle-index-in-array"
version = "0.1.0"

[[package]]
name = "lc-2108-find-first-palindromic-string-in-the-array"
version = "0.1.0"

[[package]]
name = "lc-2119-a-number-after-a-double-reversal"
version = "0.1.0"

[[package]]
name = "lc-2309-greatest-english-letter-in-upper-and-lower-case"
version = "0.1.0"

[[package]]
name = "lc-2389-longest-subsequence-with-limited-sum"
version = "0.1.0"

[[package]]
name = "lc-2404-most-frequent-even-element"
version = "0.1.0"

[[package]]
name = "lc-2427-number-of-common-factors"
version = "0.1.0"

[[package]]
name = "lc-2485-find-the-pivot-integer"
version = "0.1.0"

[[package]]
name = "lc-2574-left-and-right-sum-differences"
version = "0.1.0"

[[package]]
name = "lc-2848-points-that-intersect-with-cars"
version = "0.1.0"

[[package]]
name = "lc-3028-ant-on-the-boundary"
version = "0.1.0"

[[package]]
name = "lc-308-odd-even-linked-list"
version = "0.1.0"

[[package]]
name = "lc-704-binary-search"
version = "0.1.0"
